
Microsoft Visual Studio Solution File, Format Version 12.00
# Visual Studio 15
VisualStudioVersion = 15.0.27004.2002
MinimumVisualStudioVersion = 10.0.40219.1
Project("{FAE04EC0-301F-11D3-BF4B-00C04F79EFBC}") = "Mod2Ex2Ad", "Mod2Ex2Ad\Mod2Ex2Ad.csproj", "{C1C6FC3F-C24B-4448-A680-ADAE9CC60930}"
EndProject
Global
	GlobalSection(SolutionConfigurationPlatforms) = preSolution
		Debug|Any CPU = Debug|Any CPU
		Release|Any CPU = Release|Any CPU
	EndGlobalSection
	GlobalSection(ProjectConfigurationPlatforms) = postSolution
		{C1C6FC3F-C24B-4448-A680-ADAE9CC60930}.Debug|Any CPU.ActiveCfg = Debug|Any CPU
		{C1C6FC3F-C24B-4448-A680-ADAE9CC60930}.Debug|Any CPU.Build.0 = Debug|Any CPU
		{C1C6FC3F-C24B-4448-A680-ADAE9CC60930}.Release|Any CPU.ActiveCfg = Release|Any CPU
		{C1C6FC3F-C24B-4448-A680-ADAE9CC60930}.Release|Any CPU.Build.0 = Release|Any CPU
	EndGlobalSection
	GlobalSection(SolutionProperties) = preSolution
		HideSolutionNode = FALSE
	EndGlobalSection
	GlobalSection(ExtensibilityGlobals) = postSolution
		SolutionGuid = {9A24A7DF-B6B8-4D7C-9F3F-E533450D9F73}
	EndGlobalSection
EndGlobal
